
Microsoft Visual Studio Solution File, Format Version 12.00
# Visual Studio Version 17
VisualStudioVersion = 17.8.34330.188
MinimumVisualStudioVersion = 10.0.40219.1
Project("{FAE04EC0-301F-11D3-BF4B-00C04F79EFBC}") = "Createfile", "Createfile\Createfile.csproj", "{2F9B4B82-4A71-41E5-AAAF-507625570EED}"
EndProject
Global
	GlobalSection(SolutionConfigurationPlatforms) = preSolution
		Debug|Any CPU = Debug|Any CPU
		Release|Any CPU = Release|Any CPU
	EndGlobalSection
	GlobalSection(ProjectConfigurationPlatforms) = postSolution
		{2F9B4B82-4A71-41E5-AAAF-507625570EED}.Debug|Any CPU.ActiveCfg = Debug|Any CPU
		{2F9B4B82-4A71-41E5-AAAF-507625570EED}.Debug|Any CPU.Build.0 = Debug|Any CPU
		{2F9B4B82-4A71-41E5-AAAF-507625570EED}.Release|Any CPU.ActiveCfg = Release|Any CPU
		{2F9B4B82-4A71-41E5-AAAF-507625570EED}.Release|Any CPU.Build.0 = Release|Any CPU
	EndGlobalSection
	GlobalSection(SolutionProperties) = preSolution
		HideSolutionNode = FALSE
	EndGlobalSection
	GlobalSection(ExtensibilityGlobals) = postSolution
		SolutionGuid = {73C8C721-15BE-464E-B10E-59A801BF715A}
	EndGlobalSection
EndGlobal
